
Microsoft Visual Studio Solution File, Format Version 12.00
# Visual Studio Version 16
VisualStudioVersion = 16.0.30114.105
MinimumVisualStudioVersion = 10.0.40219.1
Project("{FAE04EC0-301F-11D3-BF4B-00C04F79EFBC}") = "DouLaiDian前台（后台管理程序）", "DouLaiDian前台\DouLaiDian前台（后台管理程序）.csproj", "{C9BFF7AB-3825-4C11-A49A-82AC6E431F01}"
EndProject
Project("{FAE04EC0-301F-11D3-BF4B-00C04F79EFBC}") = "WindowsFormsApp1（前端程序）", "WindowsFormsApp1\WindowsFormsApp1（前端程序）.csproj", "{CD05438D-B779-456C-AE52-9DAC75E72E9D}"
EndProject
Project("{FAE04EC0-301F-11D3-BF4B-00C04F79EFBC}") = "WriteRegistry（写入注册表）", "WriteRegistry\WriteRegistry（写入注册表）.csproj", "{94CC00D5-A336-4FE2-AB20-47B896AA3A17}"
EndProject
Project("{FAE04EC0-301F-11D3-BF4B-00C04F79EFBC}") = "CommonInfo（开源类库）", "CommonInfo\CommonInfo（开源类库）.csproj", "{C48187A1-B0ED-48BF-8756-05ECE1D851D3}"
EndProject
Project("{FAE04EC0-301F-11D3-BF4B-00C04F79EFBC}") = "WriteTxt（写入TXT文档）", "WriteTxt\WriteTxt（写入TXT文档）.csproj", "{BF49C152-F114-419C-8A6C-3B92CE9B49C7}"
EndProject
Project("{FAE04EC0-301F-11D3-BF4B-00C04F79EFBC}") = "SanNiuSignal（开源类库）", "kefu\TongXing\TongXing\SanNiuSignal（开源类库）.csproj", "{29DD1B2B-11C0-440E-A791-6E7FB20D3EB7}"
EndProject
Project("{FAE04EC0-301F-11D3-BF4B-00C04F79EFBC}") = "Server（后台监听服务器）", "kefu\Server\Server（后台监听服务器）.csproj", "{74427491-F444-44B5-962D-464EF69C5BEB}"
EndProject
Project("{FAE04EC0-301F-11D3-BF4B-00C04F79EFBC}") = "Client（前台呼叫服务器）", "kefu\Client\Client（前台呼叫服务器）.csproj", "{987EC8F6-8BC0-4A9A-8F16-89773172637A}"
EndProject
Project("{2150E333-8FDC-42A3-9474-1A3956D46DE8}") = "前端程序", "前端程序", "{49A70AD9-7A3A-487F-9A0B-062C697E3016}"
EndProject
Project("{2150E333-8FDC-42A3-9474-1A3956D46DE8}") = "后台管理程序", "后台管理程序", "{4978568B-0E24-49CB-9BDE-91604FB34EFF}"
EndProject
Project("{2150E333-8FDC-42A3-9474-1A3956D46DE8}") = "类库", "类库", "{557148DE-B556-4283-98AC-37940A7AAB44}"
EndProject
Project("{2150E333-8FDC-42A3-9474-1A3956D46DE8}") = "授权程序", "授权程序", "{E041F73F-FDE4-42BC-926E-35779D465D4A}"
EndProject
Project("{2150E333-8FDC-42A3-9474-1A3956D46DE8}") = "监听程序", "监听程序", "{64392C99-1134-4B93-A074-3DDB1231B7B8}"
EndProject
Project("{2150E333-8FDC-42A3-9474-1A3956D46DE8}") = "接口程序", "接口程序", "{0DACAACF-E27B-4344-8C4A-61D509CAA17D}"
EndProject
Project("{FAE04EC0-301F-11D3-BF4B-00C04F79EFBC}") = "Com.Api.Work", "Com.Api.Work\Com.Api.Work.csproj", "{9B438598-261C-43D0-AE8E-AA6FC5F5A8B6}"
EndProject
Global
	GlobalSection(SolutionConfigurationPlatforms) = preSolution
		Debug|Any CPU = Debug|Any CPU
		Release|Any CPU = Release|Any CPU
	EndGlobalSection
	GlobalSection(ProjectConfigurationPlatforms) = postSolution
		{C9BFF7AB-3825-4C11-A49A-82AC6E431F01}.Debug|Any CPU.ActiveCfg = Debug|Any CPU
		{C9BFF7AB-3825-4C11-A49A-82AC6E431F01}.Debug|Any CPU.Build.0 = Debug|Any CPU
		{C9BFF7AB-3825-4C11-A49A-82AC6E431F01}.Release|Any CPU.ActiveCfg = Release|Any CPU
		{C9BFF7AB-3825-4C11-A49A-82AC6E431F01}.Release|Any CPU.Build.0 = Release|Any CPU
		{CD05438D-B779-456C-AE52-9DAC75E72E9D}.Debug|Any CPU.ActiveCfg = Debug|Any CPU
		{CD05438D-B779-456C-AE52-9DAC75E72E9D}.Debug|Any CPU.Build.0 = Debug|Any CPU
		{CD05438D-B779-456C-AE52-9DAC75E72E9D}.Release|Any CPU.ActiveCfg = Release|Any CPU
		{CD05438D-B779-456C-AE52-9DAC75E72E9D}.Release|Any CPU.Build.0 = Release|Any CPU
		{94CC00D5-A336-4FE2-AB20-47B896AA3A17}.Debug|Any CPU.ActiveCfg = Debug|Any CPU
		{94CC00D5-A336-4FE2-AB20-47B896AA3A17}.Debug|Any CPU.Build.0 = Debug|Any CPU
		{94CC00D5-A336-4FE2-AB20-47B896AA3A17}.Release|Any CPU.ActiveCfg = Release|Any CPU
		{94CC00D5-A336-4FE2-AB20-47B896AA3A17}.Release|Any CPU.Build.0 = Release|Any CPU
		{C48187A1-B0ED-48BF-8756-05ECE1D851D3}.Debug|Any CPU.ActiveCfg = Debug|Any CPU
		{C48187A1-B0ED-48BF-8756-05ECE1D851D3}.Debug|Any CPU.Build.0 = Debug|Any CPU
		{C48187A1-B0ED-48BF-8756-05ECE1D851D3}.Release|Any CPU.ActiveCfg = Release|Any CPU
		{C48187A1-B0ED-48BF-8756-05ECE1D851D3}.Release|Any CPU.Build.0 = Release|Any CPU
		{BF49C152-F114-419C-8A6C-3B92CE9B49C7}.Debug|Any CPU.ActiveCfg = Debug|Any CPU
		{BF49C152-F114-419C-8A6C-3B92CE9B49C7}.Debug|Any CPU.Build.0 = Debug|Any CPU
		{BF49C152-F114-419C-8A6C-3B92CE9B49C7}.Release|Any CPU.ActiveCfg = Release|Any CPU
		{BF49C152-F114-419C-8A6C-3B92CE9B49C7}.Release|Any CPU.Build.0 = Release|Any CPU
		{29DD1B2B-11C0-440E-A791-6E7FB20D3EB7}.Debug|Any CPU.ActiveCfg = Debug|Any CPU
		{29DD1B2B-11C0-440E-A791-6E7FB20D3EB7}.Debug|Any CPU.Build.0 = Debug|Any CPU
		{29DD1B2B-11C0-440E-A791-6E7FB20D3EB7}.Release|Any CPU.ActiveCfg = Release|Any CPU
		{29DD1B2B-11C0-440E-A791-6E7FB20D3EB7}.Release|Any CPU.Build.0 = Release|Any CPU
		{74427491-F444-44B5-962D-464EF69C5BEB}.Debug|Any CPU.ActiveCfg = Debug|Any CPU
		{74427491-F444-44B5-962D-464EF69C5BEB}.Debug|Any CPU.Build.0 = Debug|Any CPU
		{74427491-F444-44B5-962D-464EF69C5BEB}.Release|Any CPU.ActiveCfg = Release|Any CPU
		{74427491-F444-44B5-962D-464EF69C5BEB}.Release|Any CPU.Build.0 = Release|Any CPU
		{987EC8F6-8BC0-4A9A-8F16-89773172637A}.Debug|Any CPU.ActiveCfg = Debug|Any CPU
		{987EC8F6-8BC0-4A9A-8F16-89773172637A}.Debug|Any CPU.Build.0 = Debug|Any CPU
		{987EC8F6-8BC0-4A9A-8F16-89773172637A}.Release|Any CPU.ActiveCfg = Release|Any CPU
		{987EC8F6-8BC0-4A9A-8F16-89773172637A}.Release|Any CPU.Build.0 = Release|Any CPU
		{9B438598-261C-43D0-AE8E-AA6FC5F5A8B6}.Debug|Any CPU.ActiveCfg = Debug|Any CPU
		{9B438598-261C-43D0-AE8E-AA6FC5F5A8B6}.Debug|Any CPU.Build.0 = Debug|Any CPU
		{9B438598-261C-43D0-AE8E-AA6FC5F5A8B6}.Release|Any CPU.ActiveCfg = Release|Any CPU
		{9B438598-261C-43D0-AE8E-AA6FC5F5A8B6}.Release|Any CPU.Build.0 = Release|Any CPU
	EndGlobalSection
	GlobalSection(SolutionProperties) = preSolution
		HideSolutionNode = FALSE
	EndGlobalSection
	GlobalSection(NestedProjects) = preSolution
		{C9BFF7AB-3825-4C11-A49A-82AC6E431F01} = {4978568B-0E24-49CB-9BDE-91604FB34EFF}
		{CD05438D-B779-456C-AE52-9DAC75E72E9D} = {49A70AD9-7A3A-487F-9A0B-062C697E3016}
		{94CC00D5-A336-4FE2-AB20-47B896AA3A17} = {E041F73F-FDE4-42BC-926E-35779D465D4A}
		{C48187A1-B0ED-48BF-8756-05ECE1D851D3} = {557148DE-B556-4283-98AC-37940A7AAB44}
		{BF49C152-F114-419C-8A6C-3B92CE9B49C7} = {E041F73F-FDE4-42BC-926E-35779D465D4A}
		{29DD1B2B-11C0-440E-A791-6E7FB20D3EB7} = {557148DE-B556-4283-98AC-37940A7AAB44}
		{74427491-F444-44B5-962D-464EF69C5BEB} = {64392C99-1134-4B93-A074-3DDB1231B7B8}
		{987EC8F6-8BC0-4A9A-8F16-89773172637A} = {64392C99-1134-4B93-A074-3DDB1231B7B8}
		{9B438598-261C-43D0-AE8E-AA6FC5F5A8B6} = {0DACAACF-E27B-4344-8C4A-61D509CAA17D}
	EndGlobalSection
	GlobalSection(ExtensibilityGlobals) = postSolution
		SolutionGuid = {4F6CA6FD-71FD-49D4-8ECE-915E7596E977}
	EndGlobalSection
EndGlobal
